
Microsoft Visual Studio Solution File, Format Version 12.00
# Visual Studio Version 17
VisualStudioVersion = 17.4.33122.133
MinimumVisualStudioVersion = 10.0.40219.1
Project("{FAE04EC0-301F-11D3-BF4B-00C04F79EFBC}") = "SignalRChat.API", "SignalRChat.API\SignalRChat.API.csproj", "{02BC0FAB-67B8-4106-B605-1C65D1790013}"
EndProject
Global
	GlobalSection(SolutionConfigurationPlatforms) = preSolution
		Debug|Any CPU = Debug|Any CPU
		Release|Any CPU = Release|Any CPU
	EndGlobalSection
	GlobalSection(ProjectConfigurationPlatforms) = postSolution
		{02BC0FAB-67B8-4106-B605-1C65D1790013}.Debug|Any CPU.ActiveCfg = Debug|Any CPU
		{02BC0FAB-67B8-4106-B605-1C65D1790013}.Debug|Any CPU.Build.0 = Debug|Any CPU
		{02BC0FAB-67B8-4106-B605-1C65D1790013}.Release|Any CPU.ActiveCfg = Release|Any CPU
		{02BC0FAB-67B8-4106-B605-1C65D1790013}.Release|Any CPU.Build.0 = Release|Any CPU
	EndGlobalSection
	GlobalSection(SolutionProperties) = preSolution
		HideSolutionNode = FALSE
	EndGlobalSection
	GlobalSection(ExtensibilityGlobals) = postSolution
		SolutionGuid = {A10AC347-37B2-421E-835E-313BDBF10E9A}
	EndGlobalSection
EndGlobal
