
Microsoft Visual Studio Solution File, Format Version 12.00
# Visual Studio Version 17
VisualStudioVersion = 17.5.002.0
MinimumVisualStudioVersion = 10.0.40219.1
Project("{9A19103F-16F7-4668-BE54-9A1E7A4F7556}") = "SignalRChat.Web", "SignalRChat.Web.csproj", "{31352C0A-B19A-42D6-83EB-7673FDCC6A45}"
EndProject
Global
	GlobalSection(SolutionConfigurationPlatforms) = preSolution
		Debug|Any CPU = Debug|Any CPU
		Release|Any CPU = Release|Any CPU
	EndGlobalSection
	GlobalSection(ProjectConfigurationPlatforms) = postSolution
		{31352C0A-B19A-42D6-83EB-7673FDCC6A45}.Debug|Any CPU.ActiveCfg = Debug|Any CPU
		{31352C0A-B19A-42D6-83EB-7673FDCC6A45}.Debug|Any CPU.Build.0 = Debug|Any CPU
		{31352C0A-B19A-42D6-83EB-7673FDCC6A45}.Release|Any CPU.ActiveCfg = Release|Any CPU
		{31352C0A-B19A-42D6-83EB-7673FDCC6A45}.Release|Any CPU.Build.0 = Release|Any CPU
	EndGlobalSection
	GlobalSection(SolutionProperties) = preSolution
		HideSolutionNode = FALSE
	EndGlobalSection
	GlobalSection(ExtensibilityGlobals) = postSolution
		SolutionGuid = {1CF50473-F5F0-408A-A0FE-F3DECFE0BBC1}
	EndGlobalSection
EndGlobal
